
Microsoft Visual Studio Solution File, Format Version 12.00
# Visual Studio Version 17
VisualStudioVersion = 17.5.33424.131
MinimumVisualStudioVersion = 10.0.40219.1
Project("{2150E333-8FDC-42A3-9474-1A3956D46DE8}") = "Frontend", "Frontend", "{96497E1F-D216-49C5-8B42-6C98F43A1FE0}"
EndProject
Project("{9A19103F-16F7-4668-BE54-9A1E7A4F7556}") = "HotelProject.WebUI", "Frontend\HotelProject.WebUI\HotelProject.WebUI.csproj", "{9A056CBA-0FCE-4BBF-8268-2513619F45A9}"
EndProject
Project("{2150E333-8FDC-42A3-9474-1A3956D46DE8}") = "ApiConsume", "ApiConsume", "{D4E94CB1-B76C-46D9-81C5-34F0EF6670F7}"
EndProject
Project("{9A19103F-16F7-4668-BE54-9A1E7A4F7556}") = "HotelProject.BusinessLayer", "ApiConsume\HotelProject.BusinessLayer\HotelProject.BusinessLayer.csproj", "{2F1186CA-DD70-4E6F-A659-C2DC1F7EDE88}"
EndProject
Project("{9A19103F-16F7-4668-BE54-9A1E7A4F7556}") = "HotelProject.DataAccessLayer", "ApiConsume\HotelProject.DataAccessLayer\HotelProject.DataAccessLayer.csproj", "{FA960616-2A69-4D31-9FCA-56731DFD6F4F}"
EndProject
Project("{9A19103F-16F7-4668-BE54-9A1E7A4F7556}") = "HotelProject.DtoLayer", "ApiConsume\HotelProject.DtoLayer\HotelProject.DtoLayer.csproj", "{36451AC1-AB26-4CBA-9A0B-7A799F047A3A}"
EndProject
Project("{9A19103F-16F7-4668-BE54-9A1E7A4F7556}") = "HotelProject.EntityLayer", "ApiConsume\HotelProject.EntityLayer\HotelProject.EntityLayer.csproj", "{82DD2BA6-1F8B-425D-98F8-1DD08E85CB88}"
EndProject
Project("{9A19103F-16F7-4668-BE54-9A1E7A4F7556}") = "HotelProject.Webapi", "ApiConsume\HotelProject.Webapi\HotelProject.Webapi.csproj", "{D9DF10AD-5C32-4B62-A651-827CAE6689A2}"
EndProject
Project("{2150E333-8FDC-42A3-9474-1A3956D46DE8}") = "RapidApi", "RapidApi", "{3BE6D0D6-38AA-49DF-BD5E-233958AFC85D}"
EndProject
Project("{FAE04EC0-301F-11D3-BF4B-00C04F79EFBC}") = "RapidApiConsume", "RapidApi\RapidApiConsume\RapidApiConsume.csproj", "{35A263E2-3E53-4065-BCE3-E200861BD6CA}"
EndProject
Project("{2150E333-8FDC-42A3-9474-1A3956D46DE8}") = "JwtProject", "JwtProject", "{99E74851-6670-4080-925D-AEFF042AC596}"
EndProject
Project("{FAE04EC0-301F-11D3-BF4B-00C04F79EFBC}") = "WebApiJwt", "JwtProject\WebApiJwt\WebApiJwt.csproj", "{D0BF36FF-52E0-4938-9988-F4A8B331FA5B}"
EndProject
Global
	GlobalSection(SolutionConfigurationPlatforms) = preSolution
		Debug|Any CPU = Debug|Any CPU
		Release|Any CPU = Release|Any CPU
	EndGlobalSection
	GlobalSection(ProjectConfigurationPlatforms) = postSolution
		{9A056CBA-0FCE-4BBF-8268-2513619F45A9}.Debug|Any CPU.ActiveCfg = Debug|Any CPU
		{9A056CBA-0FCE-4BBF-8268-2513619F45A9}.Debug|Any CPU.Build.0 = Debug|Any CPU
		{9A056CBA-0FCE-4BBF-8268-2513619F45A9}.Release|Any CPU.ActiveCfg = Release|Any CPU
		{9A056CBA-0FCE-4BBF-8268-2513619F45A9}.Release|Any CPU.Build.0 = Release|Any CPU
		{2F1186CA-DD70-4E6F-A659-C2DC1F7EDE88}.Debug|Any CPU.ActiveCfg = Debug|Any CPU
		{2F1186CA-DD70-4E6F-A659-C2DC1F7EDE88}.Debug|Any CPU.Build.0 = Debug|Any CPU
		{2F1186CA-DD70-4E6F-A659-C2DC1F7EDE88}.Release|Any CPU.ActiveCfg = Release|Any CPU
		{2F1186CA-DD70-4E6F-A659-C2DC1F7EDE88}.Release|Any CPU.Build.0 = Release|Any CPU
		{FA960616-2A69-4D31-9FCA-56731DFD6F4F}.Debug|Any CPU.ActiveCfg = Debug|Any CPU
		{FA960616-2A69-4D31-9FCA-56731DFD6F4F}.Debug|Any CPU.Build.0 = Debug|Any CPU
		{FA960616-2A69-4D31-9FCA-56731DFD6F4F}.Release|Any CPU.ActiveCfg = Release|Any CPU
		{FA960616-2A69-4D31-9FCA-56731DFD6F4F}.Release|Any CPU.Build.0 = Release|Any CPU
		{36451AC1-AB26-4CBA-9A0B-7A799F047A3A}.Debug|Any CPU.ActiveCfg = Debug|Any CPU
		{36451AC1-AB26-4CBA-9A0B-7A799F047A3A}.Debug|Any CPU.Build.0 = Debug|Any CPU
		{36451AC1-AB26-4CBA-9A0B-7A799F047A3A}.Release|Any CPU.ActiveCfg = Release|Any CPU
		{36451AC1-AB26-4CBA-9A0B-7A799F047A3A}.Release|Any CPU.Build.0 = Release|Any CPU
		{82DD2BA6-1F8B-425D-98F8-1DD08E85CB88}.Debug|Any CPU.ActiveCfg = Debug|Any CPU
		{82DD2BA6-1F8B-425D-98F8-1DD08E85CB88}.Debug|Any CPU.Build.0 = Debug|Any CPU
		{82DD2BA6-1F8B-425D-98F8-1DD08E85CB88}.Release|Any CPU.ActiveCfg = Release|Any CPU
		{82DD2BA6-1F8B-425D-98F8-1DD08E85CB88}.Release|Any CPU.Build.0 = Release|Any CPU
		{D9DF10AD-5C32-4B62-A651-827CAE6689A2}.Debug|Any CPU.ActiveCfg = Debug|Any CPU
		{D9DF10AD-5C32-4B62-A651-827CAE6689A2}.Debug|Any CPU.Build.0 = Debug|Any CPU
		{D9DF10AD-5C32-4B62-A651-827CAE6689A2}.Release|Any CPU.ActiveCfg = Release|Any CPU
		{D9DF10AD-5C32-4B62-A651-827CAE6689A2}.Release|Any CPU.Build.0 = Release|Any CPU
		{35A263E2-3E53-4065-BCE3-E200861BD6CA}.Debug|Any CPU.ActiveCfg = Debug|Any CPU
		{35A263E2-3E53-4065-BCE3-E200861BD6CA}.Debug|Any CPU.Build.0 = Debug|Any CPU
		{35A263E2-3E53-4065-BCE3-E200861BD6CA}.Release|Any CPU.ActiveCfg = Release|Any CPU
		{35A263E2-3E53-4065-BCE3-E200861BD6CA}.Release|Any CPU.Build.0 = Release|Any CPU
		{D0BF36FF-52E0-4938-9988-F4A8B331FA5B}.Debug|Any CPU.ActiveCfg = Debug|Any CPU
		{D0BF36FF-52E0-4938-9988-F4A8B331FA5B}.Debug|Any CPU.Build.0 = Debug|Any CPU
		{D0BF36FF-52E0-4938-9988-F4A8B331FA5B}.Release|Any CPU.ActiveCfg = Release|Any CPU
		{D0BF36FF-52E0-4938-9988-F4A8B331FA5B}.Release|Any CPU.Build.0 = Release|Any CPU
	EndGlobalSection
	GlobalSection(SolutionProperties) = preSolution
		HideSolutionNode = FALSE
	EndGlobalSection
	GlobalSection(NestedProjects) = preSolution
		{9A056CBA-0FCE-4BBF-8268-2513619F45A9} = {96497E1F-D216-49C5-8B42-6C98F43A1FE0}
		{2F1186CA-DD70-4E6F-A659-C2DC1F7EDE88} = {D4E94CB1-B76C-46D9-81C5-34F0EF6670F7}
		{FA960616-2A69-4D31-9FCA-56731DFD6F4F} = {D4E94CB1-B76C-46D9-81C5-34F0EF6670F7}
		{36451AC1-AB26-4CBA-9A0B-7A799F047A3A} = {D4E94CB1-B76C-46D9-81C5-34F0EF6670F7}
		{82DD2BA6-1F8B-425D-98F8-1DD08E85CB88} = {D4E94CB1-B76C-46D9-81C5-34F0EF6670F7}
		{D9DF10AD-5C32-4B62-A651-827CAE6689A2} = {D4E94CB1-B76C-46D9-81C5-34F0EF6670F7}
		{35A263E2-3E53-4065-BCE3-E200861BD6CA} = {3BE6D0D6-38AA-49DF-BD5E-233958AFC85D}
		{D0BF36FF-52E0-4938-9988-F4A8B331FA5B} = {99E74851-6670-4080-925D-AEFF042AC596}
	EndGlobalSection
	GlobalSection(ExtensibilityGlobals) = postSolution
		SolutionGuid = {17EBCCB0-3B0A-4C80-9BC1-FDBC9A9B0036}
	EndGlobalSection
EndGlobal
